
Microsoft Visual Studio Solution File, Format Version 12.00
# Visual Studio Version 17
VisualStudioVersion = 17.5.002.0
MinimumVisualStudioVersion = 10.0.40219.1
Project("{9A19103F-16F7-4668-BE54-9A1E7A4F7556}") = "test", "test.csproj", "{D2876EB3-C7E6-4800-B3BC-BF7CAFFC75D6}"
EndProject
Global
	GlobalSection(SolutionConfigurationPlatforms) = preSolution
		Debug|Any CPU = Debug|Any CPU
		Release|Any CPU = Release|Any CPU
	EndGlobalSection
	GlobalSection(ProjectConfigurationPlatforms) = postSolution
		{D2876EB3-C7E6-4800-B3BC-BF7CAFFC75D6}.Debug|Any CPU.ActiveCfg = Debug|Any CPU
		{D2876EB3-C7E6-4800-B3BC-BF7CAFFC75D6}.Debug|Any CPU.Build.0 = Debug|Any CPU
		{D2876EB3-C7E6-4800-B3BC-BF7CAFFC75D6}.Release|Any CPU.ActiveCfg = Release|Any CPU
		{D2876EB3-C7E6-4800-B3BC-BF7CAFFC75D6}.Release|Any CPU.Build.0 = Release|Any CPU
	EndGlobalSection
	GlobalSection(SolutionProperties) = preSolution
		HideSolutionNode = FALSE
	EndGlobalSection
	GlobalSection(ExtensibilityGlobals) = postSolution
		SolutionGuid = {3DFE21FA-FDA3-49B8-A659-70980CDDEE6F}
	EndGlobalSection
EndGlobal
