
Microsoft Visual Studio Solution File, Format Version 12.00
# Visual Studio Version 17
VisualStudioVersion = 17.5.002.0
MinimumVisualStudioVersion = 10.0.40219.1
Project("{9A19103F-16F7-4668-BE54-9A1E7A4F7556}") = "WorldOfZuul", "WorldOfZuul.csproj", "{84761AF3-B37C-4DC5-853C-CA4C97DB7AE5}"
EndProject
Global
	GlobalSection(SolutionConfigurationPlatforms) = preSolution
		Debug|Any CPU = Debug|Any CPU
		Release|Any CPU = Release|Any CPU
	EndGlobalSection
	GlobalSection(ProjectConfigurationPlatforms) = postSolution
		{84761AF3-B37C-4DC5-853C-CA4C97DB7AE5}.Debug|Any CPU.ActiveCfg = Debug|Any CPU
		{84761AF3-B37C-4DC5-853C-CA4C97DB7AE5}.Debug|Any CPU.Build.0 = Debug|Any CPU
		{84761AF3-B37C-4DC5-853C-CA4C97DB7AE5}.Release|Any CPU.ActiveCfg = Release|Any CPU
		{84761AF3-B37C-4DC5-853C-CA4C97DB7AE5}.Release|Any CPU.Build.0 = Release|Any CPU
	EndGlobalSection
	GlobalSection(SolutionProperties) = preSolution
		HideSolutionNode = FALSE
	EndGlobalSection
	GlobalSection(ExtensibilityGlobals) = postSolution
		SolutionGuid = {857F44DC-5109-421E-85AC-5DD00CA313AD}
	EndGlobalSection
EndGlobal
